// !$*UTF8*$!
{
	archiveVersion = 1;
	classes = {
	};
	objectVersion = 50;
	objects = {

/* Begin PBXBuildFile section */
		3AF635FFAB10C35DF69C0E50 /* libPods-iOSDemoUITests.a in Frameworks */ = {isa = PBXBuildFile; fileRef = 593A8A09ADB130AD112A670E /* libPods-iOSDemoUITests.a */; };
		53DAA9C68BEEEE75333DCEF3 /* libPods-iOSDemoTests.a in Frameworks */ = {isa = PBXBuildFile; fileRef = 6D2D9148F0346093B53D1593 /* libPods-iOSDemoTests.a */; };
		DA92C8DC2294D5EA00977F02 /* AppDelegate.m in Sources */ = {isa = PBXBuildFile; fileRef = DA92C8DB2294D5EA00977F02 /* AppDelegate.m */; };
		DA92C8DF2294D5EA00977F02 /* ViewController.m in Sources */ = {isa = PBXBuildFile; fileRef = DA92C8DE2294D5EA00977F02 /* ViewController.m */; };
		DA92C8E22294D5EA00977F02 /* Main.storyboard in Resources */ = {isa = PBXBuildFile; fileRef = DA92C8E02294D5EA00977F02 /* Main.storyboard */; };
		DA92C8E42294D5EB00977F02 /* Assets.xcassets in Resources */ = {isa = PBXBuildFile; fileRef = DA92C8E32294D5EB00977F02 /* Assets.xcassets */; };
		DA92C8E72294D5EB00977F02 /* LaunchScreen.storyboard in Resources */ = {isa = PBXBuildFile; fileRef = DA92C8E52294D5EB00977F02 /* LaunchScreen.storyboard */; };
		DA92C8EA2294D5EB00977F02 /* main.m in Sources */ = {isa = PBXBuildFile; fileRef = DA92C8E92294D5EB00977F02 /* main.m */; };
		DA92C8F42294D5EC00977F02 /* iOSDemoTests.m in Sources */ = {isa = PBXBuildFile; fileRef = DA92C8F32294D5EC00977F02 /* iOSDemoTests.m */; };
		DA92C8FF2294D5EC00977F02 /* iOSDemoUITests.m in Sources */ = {isa = PBXBuildFile; fileRef = DA92C8FE2294D5EC00977F02 /* iOSDemoUITests.m */; };
		EC4DAB1CEC81876447963FF9 /* libPods-iOSDemo.a in Frameworks */ = {isa = PBXBuildFile; fileRef = CB43081B99023349216BF208 /* libPods-iOSDemo.a */; };
/* End PBXBuildFile section */

/* Begin PBXContainerItemProxy section */
		DA92C8F02294D5EC00977F02 /* PBXContainerItemProxy */ = {
			isa = PBXContainerItemProxy;
			containerPortal = DA92C8CF2294D5EA00977F02 /* Project object */;
			proxyType = 1;
			remoteGlobalIDString = DA92C8D62294D5EA00977F02;
			remoteInfo = iOSDemo;
		};
		DA92C8FB2294D5EC00977F02 /* PBXContainerItemProxy */ = {
			isa = PBXContainerItemProxy;
			containerPortal = DA92C8CF2294D5EA00977F02 /* Project object */;
			proxyType = 1;
			remoteGlobalIDString = DA92C8D62294D5EA00977F02;
			remoteInfo = iOSDemo;
		};
/* End PBXContainerItemProxy section */

/* Begin PBXFileReference section */
		1101BFDB93A53093E81FF4B8 /* Pods-iOSDemoTests.release.xcconfig */ = {isa = PBXFileReference; includeInIndex = 1; lastKnownFileType = text.xcconfig; name = "Pods-iOSDemoTests.release.xcconfig"; path = "Pods/Target Support Files/Pods-iOSDemoTests/Pods-iOSDemoTests.release.xcconfig"; sourceTree = "<group>"; };
		40E18345C680F1EA8809D88E /* Pods-iOSDemoUITests.debug.xcconfig */ = {isa = PBXFileReference; includeInIndex = 1; lastKnownFileType = text.xcconfig; name = "Pods-iOSDemoUITests.debug.xcconfig"; path = "Pods/Target Support Files/Pods-iOSDemoUITests/Pods-iOSDemoUITests.debug.xcconfig"; sourceTree = "<group>"; };
		593A8A09ADB130AD112A670E /* libPods-iOSDemoUITests.a */ = {isa = PBXFileReference; explicitFileType = archive.ar; includeInIndex = 0; path = "libPods-iOSDemoUITests.a"; sourceTree = BUILT_PRODUCTS_DIR; };
		6D2D9148F0346093B53D1593 /* libPods-iOSDemoTests.a */ = {isa = PBXFileReference; explicitFileType = archive.ar; includeInIndex = 0; path = "libPods-iOSDemoTests.a"; sourceTree = BUILT_PRODUCTS_DIR; };
		97D4134A7B4FF2A2AFBB0D37 /* Pods-iOSDemo.release.xcconfig */ = {isa = PBXFileReference; includeInIndex = 1; lastKnownFileType = text.xcconfig; name = "Pods-iOSDemo.release.xcconfig"; path = "Pods/Target Support Files/Pods-iOSDemo/Pods-iOSDemo.release.xcconfig"; sourceTree = "<group>"; };
		B28C59D20A75D040616BF3E9 /* Pods-iOSDemoUITests.release.xcconfig */ = {isa = PBXFileReference; includeInIndex = 1; lastKnownFileType = text.xcconfig; name = "Pods-iOSDemoUITests.release.xcconfig"; path = "Pods/Target Support Files/Pods-iOSDemoUITests/Pods-iOSDemoUITests.release.xcconfig"; sourceTree = "<group>"; };
		CB43081B99023349216BF208 /* libPods-iOSDemo.a */ = {isa = PBXFileReference; explicitFileType = archive.ar; includeInIndex = 0; path = "libPods-iOSDemo.a"; sourceTree = BUILT_PRODUCTS_DIR; };
		DA92C8D72294D5EA00977F02 /* iOSDemo.app */ = {isa = PBXFileReference; explicitFileType = wrapper.application; includeInIndex = 0; path = iOSDemo.app; sourceTree = BUILT_PRODUCTS_DIR; };
		DA92C8DA2294D5EA00977F02 /* AppDelegate.h */ = {isa = PBXFileReference; lastKnownFileType = sourcecode.c.h; path = AppDelegate.h; sourceTree = "<group>"; };
		DA92C8DB2294D5EA00977F02 /* AppDelegate.m */ = {isa = PBXFileReference; lastKnownFileType = sourcecode.c.objc; path = AppDelegate.m; sourceTree = "<group>"; };
		DA92C8DD2294D5EA00977F02 /* ViewController.h */ = {isa = PBXFileReference; lastKnownFileType = sourcecode.c.h; path = ViewController.h; sourceTree = "<group>"; };
		DA92C8DE2294D5EA00977F02 /* ViewController.m */ = {isa = PBXFileReference; lastKnownFileType = sourcecode.c.objc; path = ViewController.m; sourceTree = "<group>"; };
		DA92C8E12294D5EA00977F02 /* Base */ = {isa = PBXFileReference; lastKnownFileType = file.storyboard; name = Base; path = Base.lproj/Main.storyboard; sourceTree = "<group>"; };
		DA92C8E32294D5EB00977F02 /* Assets.xcassets */ = {isa = PBXFileReference; lastKnownFileType = folder.assetcatalog; path = Assets.xcassets; sourceTree = "<group>"; };
		DA92C8E62294D5EB00977F02 /* Base */ = {isa = PBXFileReference; lastKnownFileType = file.storyboard; name = Base; path = Base.lproj/LaunchScreen.storyboard; sourceTree = "<group>"; };
		DA92C8E82294D5EB00977F02 /* Info.plist */ = {isa = PBXFileReference; lastKnownFileType = text.plist.xml; path = Info.plist; sourceTree = "<group>"; };
		DA92C8E92294D5EB00977F02 /* main.m */ = {isa = PBXFileReference; lastKnownFileType = sourcecode.c.objc; path = main.m; sourceTree = "<group>"; };
		DA92C8EF2294D5EC00977F02 /* iOSDemoTests.xctest */ = {isa = PBXFileReference; explicitFileType = wrapper.cfbundle; includeInIndex = 0; path = iOSDemoTests.xctest; sourceTree = BUILT_PRODUCTS_DIR; };
		DA92C8F32294D5EC00977F02 /* iOSDemoTests.m */ = {isa = PBXFileReference; lastKnownFileType = sourcecode.c.objc; path = iOSDemoTests.m; sourceTree = "<group>"; };
		DA92C8F52294D5EC00977F02 /* Info.plist */ = {isa = PBXFileReference; lastKnownFileType = text.plist.xml; path = Info.plist; sourceTree = "<group>"; };
		DA92C8FA2294D5EC00977F02 /* iOSDemoUITests.xctest */ = {isa = PBXFileReference; explicitFileType = wrapper.cfbundle; includeInIndex = 0; path = iOSDemoUITests.xctest; sourceTree = BUILT_PRODUCTS_DIR; };
		DA92C8FE2294D5EC00977F02 /* iOSDemoUITests.m */ = {isa = PBXFileReference; lastKnownFileType = sourcecode.c.objc; path = iOSDemoUITests.m; sourceTree = "<group>"; };
		DA92C9002294D5EC00977F02 /* Info.plist */ = {isa = PBXFileReference; lastKnownFileType = text.plist.xml; path = Info.plist; sourceTree = "<group>"; };
		DD7CA1E9052CAD6D430E9587 /* Pods-iOSDemoTests.debug.xcconfig */ = {isa = PBXFileReference; includeInIndex = 1; lastKnownFileType = text.xcconfig; name = "Pods-iOSDemoTests.debug.xcconfig"; path = "Pods/Target Support Files/Pods-iOSDemoTests/Pods-iOSDemoTests.debug.xcconfig"; sourceTree = "<group>"; };
		FE6C8D9BEB33228BA76C1893 /* Pods-iOSDemo.debug.xcconfig */ = {isa = PBXFileReference; includeInIndex = 1; lastKnownFileType = text.xcconfig; name = "Pods-iOSDemo.debug.xcconfig"; path = "Pods/Target Support Files/Pods-iOSDemo/Pods-iOSDemo.debug.xcconfig"; sourceTree = "<group>"; };
/* End PBXFileReference section */

/* Begin PBXFrameworksBuildPhase section */
		DA92C8D42294D5EA00977F02 /* Frameworks */ = {
			isa = PBXFrameworksBuildPhase;
			buildActionMask = 2147483647;
			files = (
				EC4DAB1CEC81876447963FF9 /* libPods-iOSDemo.a in Frameworks */,
			);
			runOnlyForDeploymentPostprocessing = 0;
		};
		DA92C8EC2294D5EC00977F02 /* Frameworks */ = {
			isa = PBXFrameworksBuildPhase;
			buildActionMask = 2147483647;
			files = (
				53DAA9C68BEEEE75333DCEF3 /* libPods-iOSDemoTests.a in Frameworks */,
			);
			runOnlyForDeploymentPostprocessing = 0;
		};
		DA92C8F72294D5EC00977F02 /* Frameworks */ = {
			isa = PBXFrameworksBuildPhase;
			buildActionMask = 2147483647;
			files = (
				3AF635FFAB10C35DF69C0E50 /* libPods-iOSDemoUITests.a in Frameworks */,
			);
			runOnlyForDeploymentPostprocessing = 0;
		};
/* End PBXFrameworksBuildPhase section */

/* Begin PBXGroup section */
		630F384821B4885057926255 /* Pods */ = {
			isa = PBXGroup;
			children = (
				FE6C8D9BEB33228BA76C1893 /* Pods-iOSDemo.debug.xcconfig */,
				97D4134A7B4FF2A2AFBB0D37 /* Pods-iOSDemo.release.xcconfig */,
				DD7CA1E9052CAD6D430E9587 /* Pods-iOSDemoTests.debug.xcconfig */,
				1101BFDB93A53093E81FF4B8 /* Pods-iOSDemoTests.release.xcconfig */,
				40E18345C680F1EA8809D88E /* Pods-iOSDemoUITests.debug.xcconfig */,
				B28C59D20A75D040616BF3E9 /* Pods-iOSDemoUITests.release.xcconfig */,
			);
			name = Pods;
			sourceTree = "<group>";
		};
		A1EBACA03E4BF8F382664C9F /* Frameworks */ = {
			isa = PBXGroup;
			children = (
				CB43081B99023349216BF208 /* libPods-iOSDemo.a */,
				6D2D9148F0346093B53D1593 /* libPods-iOSDemoTests.a */,
				593A8A09ADB130AD112A670E /* libPods-iOSDemoUITests.a */,
			);
			name = Frameworks;
			sourceTree = "<group>";
		};
		DA92C8CE2294D5EA00977F02 = {
			isa = PBXGroup;
			children = (
				DA92C8D92294D5EA00977F02 /* iOSDemo */,
				DA92C8F22294D5EC00977F02 /* iOSDemoTests */,
				DA92C8FD2294D5EC00977F02 /* iOSDemoUITests */,
				DA92C8D82294D5EA00977F02 /* Products */,
				630F384821B4885057926255 /* Pods */,
				A1EBACA03E4BF8F382664C9F /* Frameworks */,
			);
			sourceTree = "<group>";
		};
		DA92C8D82294D5EA00977F02 /* Products */ = {
			isa = PBXGroup;
			children = (
				DA92C8D72294D5EA00977F02 /* iOSDemo.app */,
				DA92C8EF2294D5EC00977F02 /* iOSDemoTests.xctest */,
				DA92C8FA2294D5EC00977F02 /* iOSDemoUITests.xctest */,
			);
			name = Products;
			sourceTree = "<group>";
		};
		DA92C8D92294D5EA00977F02 /* iOSDemo */ = {
			isa = PBXGroup;
			children = (
				DA92C8DA2294D5EA00977F02 /* AppDelegate.h */,
				DA92C8DB2294D5EA00977F02 /* AppDelegate.m */,
				DA92C8DD2294D5EA00977F02 /* ViewController.h */,
				DA92C8DE2294D5EA00977F02 /* ViewController.m */,
				DA92C8E02294D5EA00977F02 /* Main.storyboard */,
				DA92C8E32294D5EB00977F02 /* Assets.xcassets */,
				DA92C8E52294D5EB00977F02 /* LaunchScreen.storyboard */,
				DA92C8E82294D5EB00977F02 /* Info.plist */,
				DA92C8E92294D5EB00977F02 /* main.m */,
			);
			path = iOSDemo;
			sourceTree = "<group>";
		};
		DA92C8F22294D5EC00977F02 /* iOSDemoTests */ = {
			isa = PBXGroup;
			children = (
				DA92C8F32294D5EC00977F02 /* iOSDemoTests.m */,
				DA92C8F52294D5EC00977F02 /* Info.plist */,
			);
			path = iOSDemoTests;
			sourceTree = "<group>";
		};
		DA92C8FD2294D5EC00977F02 /* iOSDemoUITests */ = {
			isa = PBXGroup;
			children = (
				DA92C8FE2294D5EC00977F02 /* iOSDemoUITests.m */,
				DA92C9002294D5EC00977F02 /* Info.plist */,
			);
			path = iOSDemoUITests;
			sourceTree = "<group>";
		};
/* End PBXGroup section */

/* Begin PBXNativeTarget section */
		DA92C8D62294D5EA00977F02 /* iOSDemo */ = {
			isa = PBXNativeTarget;
			buildConfigurationList = DA92C9032294D5EC00977F02 /* Build configuration list for PBXNativeTarget "iOSDemo" */;
			buildPhases = (
				A489B542A64F29AC591E568F /* [CP] Check Pods Manifest.lock */,
				DA92C8D32294D5EA00977F02 /* Sources */,
				DA92C8D42294D5EA00977F02 /* Frameworks */,
				DA92C8D52294D5EA00977F02 /* Resources */,
				B0777057F74B5C8C066CF81B /* [CP] Embed Pods Frameworks */,
				DA92C90C2294DB8400977F02 /* ShellScript */,
			);
			buildRules = (
			);
			dependencies = (
			);
			name = iOSDemo;
			productName = iOSDemo;
			productReference = DA92C8D72294D5EA00977F02 /* iOSDemo.app */;
			productType = "com.apple.product-type.application";
		};
		DA92C8EE2294D5EC00977F02 /* iOSDemoTests */ = {
			isa = PBXNativeTarget;
			buildConfigurationList = DA92C9062294D5EC00977F02 /* Build configuration list for PBXNativeTarget "iOSDemoTests" */;
			buildPhases = (
				0B0CA3758BA13A2561B08795 /* [CP] Check Pods Manifest.lock */,
				DA92C8EB2294D5EC00977F02 /* Sources */,
				DA92C8EC2294D5EC00977F02 /* Frameworks */,
				DA92C8ED2294D5EC00977F02 /* Resources */,
			);
			buildRules = (
			);
			dependencies = (
				DA92C8F12294D5EC00977F02 /* PBXTargetDependency */,
			);
			name = iOSDemoTests;
			productName = iOSDemoTests;
			productReference = DA92C8EF2294D5EC00977F02 /* iOSDemoTests.xctest */;
			productType = "com.apple.product-type.bundle.unit-test";
		};
		DA92C8F92294D5EC00977F02 /* iOSDemoUITests */ = {
			isa = PBXNativeTarget;
			buildConfigurationList = DA92C9092294D5EC00977F02 /* Build configuration list for PBXNativeTarget "iOSDemoUITests" */;
			buildPhases = (
				F78C5D0B897C1C541328F8F7 /* [CP] Check Pods Manifest.lock */,
				DA92C8F62294D5EC00977F02 /* Sources */,
				DA92C8F72294D5EC00977F02 /* Frameworks */,
				DA92C8F82294D5EC00977F02 /* Resources */,
			);
			buildRules = (
			);
			dependencies = (
				DA92C8FC2294D5EC00977F02 /* PBXTargetDependency */,
			);
			name = iOSDemoUITests;
			productName = iOSDemoUITests;
			productReference = DA92C8FA2294D5EC00977F02 /* iOSDemoUITests.xctest */;
			productType = "com.apple.product-type.bundle.ui-testing";
		};
/* End PBXNativeTarget section */

/* Begin PBXProject section */
		DA92C8CF2294D5EA00977F02 /* Project object */ = {
			isa = PBXProject;
			attributes = {
				LastUpgradeCheck = 1020;
				ORGANIZATIONNAME = lihuichaoo;
				TargetAttributes = {
					DA92C8D62294D5EA00977F02 = {
						CreatedOnToolsVersion = 10.2.1;
					};
					DA92C8EE2294D5EC00977F02 = {
						CreatedOnToolsVersion = 10.2.1;
						TestTargetID = DA92C8D62294D5EA00977F02;
					};
					DA92C8F92294D5EC00977F02 = {
						CreatedOnToolsVersion = 10.2.1;
						TestTargetID = DA92C8D62294D5EA00977F02;
					};
				};
			};
			buildConfigurationList = DA92C8D22294D5EA00977F02 /* Build configuration list for PBXProject "iOSDemo" */;
			compatibilityVersion = "Xcode 9.3";
			developmentRegion = en;
			hasScannedForEncodings = 0;
			knownRegions = (
				en,
				Base,
			);
			mainGroup = DA92C8CE2294D5EA00977F02;
			productRefGroup = DA92C8D82294D5EA00977F02 /* Products */;
			projectDirPath = "";
			projectRoot = "";
			targets = (
				DA92C8D62294D5EA00977F02 /* iOSDemo */,
				DA92C8EE2294D5EC00977F02 /* iOSDemoTests */,
				DA92C8F92294D5EC00977F02 /* iOSDemoUITests */,
			);
		};
/* End PBXProject section */

/* Begin PBXResourcesBuildPhase section */
		DA92C8D52294D5EA00977F02 /* Resources */ = {
			isa = PBXResourcesBuildPhase;
			buildActionMask = 2147483647;
			files = (
				DA92C8E72294D5EB00977F02 /* LaunchScreen.storyboard in Resources */,
				DA92C8E42294D5EB00977F02 /* Assets.xcassets in Resources */,
				DA92C8E22294D5EA00977F02 /* Main.storyboard in Resources */,
			);
			runOnlyForDeploymentPostprocessing = 0;
		};
		DA92C8ED2294D5EC00977F02 /* Resources */ = {
			isa = PBXResourcesBuildPhase;
			buildActionMask = 2147483647;
			files = (
			);
			runOnlyForDeploymentPostprocessing = 0;
		};
		DA92C8F82294D5EC00977F02 /* Resources */ = {
			isa = PBXResourcesBuildPhase;
			buildActionMask = 2147483647;
			files = (
			);
			runOnlyForDeploymentPostprocessing = 0;
		};
/* End PBXResourcesBuildPhase section */

/* Begin PBXShellScriptBuildPhase section */
		0B0CA3758BA13A2561B08795 /* [CP] Check Pods Manifest.lock */ = {
			isa = PBXShellScriptBuildPhase;
			buildActionMask = 2147483647;
			files = (
			);
			inputFileListPaths = (
			);
			inputPaths = (
				"${PODS_PODFILE_DIR_PATH}/Podfile.lock",
				"${PODS_ROOT}/Manifest.lock",
			);
			name = "[CP] Check Pods Manifest.lock";
			outputFileListPaths = (
			);
			outputPaths = (
				"$(DERIVED_FILE_DIR)/Pods-iOSDemoTests-checkManifestLockResult.txt",
			);
			runOnlyForDeploymentPostprocessing = 0;
			shellPath = /bin/sh;
			shellScript = "diff \"${PODS_PODFILE_DIR_PATH}/Podfile.lock\" \"${PODS_ROOT}/Manifest.lock\" > /dev/null\nif [ $? != 0 ] ; then\n    # print error to STDERR\n    echo \"error: The sandbox is not in sync with the Podfile.lock. Run 'pod install' or update your CocoaPods installation.\" >&2\n    exit 1\nfi\n# This output is used by Xcode 'outputs' to avoid re-running this script phase.\necho \"SUCCESS\" > \"${SCRIPT_OUTPUT_FILE_0}\"\n";
			showEnvVarsInLog = 0;
		};
		A489B542A64F29AC591E568F /* [CP] Check Pods Manifest.lock */ = {
			isa = PBXShellScriptBuildPhase;
			buildActionMask = 2147483647;
			files = (
			);
			inputFileListPaths = (
			);
			inputPaths = (
				"${PODS_PODFILE_DIR_PATH}/Podfile.lock",
				"${PODS_ROOT}/Manifest.lock",
			);
			name = "[CP] Check Pods Manifest.lock";
			outputFileListPaths = (
			);
			outputPaths = (
				"$(DERIVED_FILE_DIR)/Pods-iOSDemo-checkManifestLockResult.txt",
			);
			runOnlyForDeploymentPostprocessing = 0;
			shellPath = /bin/sh;
			shellScript = "diff \"${PODS_PODFILE_DIR_PATH}/Podfile.lock\" \"${PODS_ROOT}/Manifest.lock\" > /dev/null\nif [ $? != 0 ] ; then\n    # print error to STDERR\n    echo \"error: The sandbox is not in sync with the Podfile.lock. Run 'pod install' or update your CocoaPods installation.\" >&2\n    exit 1\nfi\n# This output is used by Xcode 'outputs' to avoid re-running this script phase.\necho \"SUCCESS\" > \"${SCRIPT_OUTPUT_FILE_0}\"\n";
			showEnvVarsInLog = 0;
		};
		B0777057F74B5C8C066CF81B /* [CP] Embed Pods Frameworks */ = {
			isa = PBXShellScriptBuildPhase;
			buildActionMask = 2147483647;
			files = (
			);
			inputFileListPaths = (
			);
			inputPaths = (
				"${SRCROOT}/Pods/Target Support Files/Pods-iOSDemo/Pods-iOSDemo-frameworks.sh",
				"${PODS_ROOT}/../../my_flutter/.ios/Flutter/engine/Flutter.framework",
			);
			name = "[CP] Embed Pods Frameworks";
			outputFileListPaths = (
			);
			outputPaths = (
				"${TARGET_BUILD_DIR}/${FRAMEWORKS_FOLDER_PATH}/Flutter.framework",
			);
			runOnlyForDeploymentPostprocessing = 0;
			shellPath = /bin/sh;
			shellScript = "\"${SRCROOT}/Pods/Target Support Files/Pods-iOSDemo/Pods-iOSDemo-frameworks.sh\"\n";
			showEnvVarsInLog = 0;
		};
		DA92C90C2294DB8400977F02 /* ShellScript */ = {
			isa = PBXShellScriptBuildPhase;
			buildActionMask = 2147483647;
			files = (
			);
			inputFileListPaths = (
			);
			inputPaths = (
			);
			outputFileListPaths = (
			);
			outputPaths = (
			);
			runOnlyForDeploymentPostprocessing = 0;
			shellPath = /bin/sh;
			shellScript = "# Type a script or drag a script file from your workspace to insert its path.\n\"$FLUTTER_ROOT/packages/flutter_tools/bin/xcode_backend.sh\" build\n\"$FLUTTER_ROOT/packages/flutter_tools/bin/xcode_backend.sh\" embed\n\n";
		};
		F78C5D0B897C1C541328F8F7 /* [CP] Check Pods Manifest.lock */ = {
			isa = PBXShellScriptBuildPhase;
			buildActionMask = 2147483647;
			files = (
			);
			inputFileListPaths = (
			);
			inputPaths = (
				"${PODS_PODFILE_DIR_PATH}/Podfile.lock",
				"${PODS_ROOT}/Manifest.lock",
			);
			name = "[CP] Check Pods Manifest.lock";
			outputFileListPaths = (
			);
			outputPaths = (
				"$(DERIVED_FILE_DIR)/Pods-iOSDemoUITests-checkManifestLockResult.txt",
			);
			runOnlyForDeploymentPostprocessing = 0;
			shellPath = /bin/sh;
			shellScript = "diff \"${PODS_PODFILE_DIR_PATH}/Podfile.lock\" \"${PODS_ROOT}/Manifest.lock\" > /dev/null\nif [ $? != 0 ] ; then\n    # print error to STDERR\n    echo \"error: The sandbox is not in sync with the Podfile.lock. Run 'pod install' or update your CocoaPods installation.\" >&2\n    exit 1\nfi\n# This output is used by Xcode 'outputs' to avoid re-running this script phase.\necho \"SUCCESS\" > \"${SCRIPT_OUTPUT_FILE_0}\"\n";
			showEnvVarsInLog = 0;
		};
/* End PBXShellScriptBuildPhase section */

/* Begin PBXSourcesBuildPhase section */
		DA92C8D32294D5EA00977F02 /* Sources */ = {
			isa = PBXSourcesBuildPhase;
			buildActionMask = 2147483647;
			files = (
				DA92C8DF2294D5EA00977F02 /* ViewController.m in Sources */,
				DA92C8EA2294D5EB00977F02 /* main.m in Sources */,
				DA92C8DC2294D5EA00977F02 /* AppDelegate.m in Sources */,
			);
			runOnlyForDeploymentPostprocessing = 0;
		};
		DA92C8EB2294D5EC00977F02 /* Sources */ = {
			isa = PBXSourcesBuildPhase;
			buildActionMask = 2147483647;
			files = (
				DA92C8F42294D5EC00977F02 /* iOSDemoTests.m in Sources */,
			);
			runOnlyForDeploymentPostprocessing = 0;
		};
		DA92C8F62294D5EC00977F02 /* Sources */ = {
			isa = PBXSourcesBuildPhase;
			buildActionMask = 2147483647;
			files = (
				DA92C8FF2294D5EC00977F02 /* iOSDemoUITests.m in Sources */,
			);
			runOnlyForDeploymentPostprocessing = 0;
		};
/* End PBXSourcesBuildPhase section */

/* Begin PBXTargetDependency section */
		DA92C8F12294D5EC00977F02 /* PBXTargetDependency */ = {
			isa = PBXTargetDependency;
			target = DA92C8D62294D5EA00977F02 /* iOSDemo */;
			targetProxy = DA92C8F02294D5EC00977F02 /* PBXContainerItemProxy */;
		};
		DA92C8FC2294D5EC00977F02 /* PBXTargetDependency */ = {
			isa = PBXTargetDependency;
			target = DA92C8D62294D5EA00977F02 /* iOSDemo */;
			targetProxy = DA92C8FB2294D5EC00977F02 /* PBXContainerItemProxy */;
		};
/* End PBXTargetDependency section */

/* Begin PBXVariantGroup section */
		DA92C8E02294D5EA00977F02 /* Main.storyboard */ = {
			isa = PBXVariantGroup;
			children = (
				DA92C8E12294D5EA00977F02 /* Base */,
			);
			name = Main.storyboard;
			sourceTree = "<group>";
		};
		DA92C8E52294D5EB00977F02 /* LaunchScreen.storyboard */ = {
			isa = PBXVariantGroup;
			children = (
				DA92C8E62294D5EB00977F02 /* Base */,
			);
			name = LaunchScreen.storyboard;
			sourceTree = "<group>";
		};
/* End PBXVariantGroup section */

/* Begin XCBuildConfiguration section */
		DA92C9012294D5EC00977F02 /* Debug */ = {
			isa = XCBuildConfiguration;
			buildSettings = {
				ALWAYS_SEARCH_USER_PATHS = NO;
				CLANG_ANALYZER_NONNULL = YES;
				CLANG_ANALYZER_NUMBER_OBJECT_CONVERSION = YES_AGGRESSIVE;
				CLANG_CXX_LANGUAGE_STANDARD = "gnu++14";
				CLANG_CXX_LIBRARY = "libc++";
				CLANG_ENABLE_MODULES = YES;
				CLANG_ENABLE_OBJC_ARC = YES;
				CLANG_ENABLE_OBJC_WEAK = YES;
				CLANG_WARN_BLOCK_CAPTURE_AUTORELEASING = YES;
				CLANG_WARN_BOOL_CONVERSION = YES;
				CLANG_WARN_COMMA = YES;
				CLANG_WARN_CONSTANT_CONVERSION = YES;
				CLANG_WARN_DEPRECATED_OBJC_IMPLEMENTATIONS = YES;
				CLANG_WARN_DIRECT_OBJC_ISA_USAGE = YES_ERROR;
				CLANG_WARN_DOCUMENTATION_COMMENTS = YES;
				CLANG_WARN_EMPTY_BODY = YES;
				CLANG_WARN_ENUM_CONVERSION = YES;
				CLANG_WARN_INFINITE_RECURSION = YES;
				CLANG_WARN_INT_CONVERSION = YES;
				CLANG_WARN_NON_LITERAL_NULL_CONVERSION = YES;
				CLANG_WARN_OBJC_IMPLICIT_RETAIN_SELF = YES;
				CLANG_WARN_OBJC_LITERAL_CONVERSION = YES;
				CLANG_WARN_OBJC_ROOT_CLASS = YES_ERROR;
				CLANG_WARN_RANGE_LOOP_ANALYSIS = YES;
				CLANG_WARN_STRICT_PROTOTYPES = YES;
				CLANG_WARN_SUSPICIOUS_MOVE = YES;
				CLANG_WARN_UNGUARDED_AVAILABILITY = YES_AGGRESSIVE;
				CLANG_WARN_UNREACHABLE_CODE = YES;
				CLANG_WARN__DUPLICATE_METHOD_MATCH = YES;
				CODE_SIGN_IDENTITY = "iPhone Developer";
				COPY_PHASE_STRIP = NO;
				DEBUG_INFORMATION_FORMAT = dwarf;
				ENABLE_STRICT_OBJC_MSGSEND = YES;
				ENABLE_TESTABILITY = YES;
				GCC_C_LANGUAGE_STANDARD = gnu11;
				GCC_DYNAMIC_NO_PIC = NO;
				GCC_NO_COMMON_BLOCKS = YES;
				GCC_OPTIMIZATION_LEVEL = 0;
				GCC_PREPROCESSOR_DEFINITIONS = (
					"DEBUG=1",
					"$(inherited)",
				);
				GCC_WARN_64_TO_32_BIT_CONVERSION = YES;
				GCC_WARN_ABOUT_RETURN_TYPE = YES_ERROR;
				GCC_WARN_UNDECLARED_SELECTOR = YES;
				GCC_WARN_UNINITIALIZED_AUTOS = YES_AGGRESSIVE;
				GCC_WARN_UNUSED_FUNCTION = YES;
				GCC_WARN_UNUSED_VARIABLE = YES;
				IPHONEOS_DEPLOYMENT_TARGET = 12.2;
				MTL_ENABLE_DEBUG_INFO = INCLUDE_SOURCE;
				MTL_FAST_MATH = YES;
				ONLY_ACTIVE_ARCH = YES;
				SDKROOT = iphoneos;
			};
			name = Debug;
		};
		DA92C9022294D5EC00977F02 /* Release */ = {
			isa = XCBuildConfiguration;
			buildSettings = {
				ALWAYS_SEARCH_USER_PATHS = NO;
				CLANG_ANALYZER_NONNULL = YES;
				CLANG_ANALYZER_NUMBER_OBJECT_CONVERSION = YES_AGGRESSIVE;
				CLANG_CXX_LANGUAGE_STANDARD = "gnu++14";
				CLANG_CXX_LIBRARY = "libc++";
				CLANG_ENABLE_MODULES = YES;
				CLANG_ENABLE_OBJC_ARC = YES;
				CLANG_ENABLE_OBJC_WEAK = YES;
				CLANG_WARN_BLOCK_CAPTURE_AUTORELEASING = YES;
				CLANG_WARN_BOOL_CONVERSION = YES;
				CLANG_WARN_COMMA = YES;
				CLANG_WARN_CONSTANT_CONVERSION = YES;
				CLANG_WARN_DEPRECATED_OBJC_IMPLEMENTATIONS = YES;
				CLANG_WARN_DIRECT_OBJC_ISA_USAGE = YES_ERROR;
				CLANG_WARN_DOCUMENTATION_COMMENTS = YES;
				CLANG_WARN_EMPTY_BODY = YES;
				CLANG_WARN_ENUM_CONVERSION = YES;
				CLANG_WARN_INFINITE_RECURSION = YES;
				CLANG_WARN_INT_CONVERSION = YES;
				CLANG_WARN_NON_LITERAL_NULL_CONVERSION = YES;
				CLANG_WARN_OBJC_IMPLICIT_RETAIN_SELF = YES;
				CLANG_WARN_OBJC_LITERAL_CONVERSION = YES;
				CLANG_WARN_OBJC_ROOT_CLASS = YES_ERROR;
				CLANG_WARN_RANGE_LOOP_ANALYSIS = YES;
				CLANG_WARN_STRICT_PROTOTYPES = YES;
				CLANG_WARN_SUSPICIOUS_MOVE = YES;
				CLANG_WARN_UNGUARDED_AVAILABILITY = YES_AGGRESSIVE;
				CLANG_WARN_UNREACHABLE_CODE = YES;
				CLANG_WARN__DUPLICATE_METHOD_MATCH = YES;
				CODE_SIGN_IDENTITY = "iPhone Developer";
				COPY_PHASE_STRIP = NO;
				DEBUG_INFORMATION_FORMAT = "dwarf-with-dsym";
				ENABLE_NS_ASSERTIONS = NO;
				ENABLE_STRICT_OBJC_MSGSEND = YES;
				GCC_C_LANGUAGE_STANDARD = gnu11;
				GCC_NO_COMMON_BLOCKS = YES;
				GCC_WARN_64_TO_32_BIT_CONVERSION = YES;
				GCC_WARN_ABOUT_RETURN_TYPE = YES_ERROR;
				GCC_WARN_UNDECLARED_SELECTOR = YES;
				GCC_WARN_UNINITIALIZED_AUTOS = YES_AGGRESSIVE;
				GCC_WARN_UNUSED_FUNCTION = YES;
				GCC_WARN_UNUSED_VARIABLE = YES;
				IPHONEOS_DEPLOYMENT_TARGET = 12.2;
				MTL_ENABLE_DEBUG_INFO = NO;
				MTL_FAST_MATH = YES;
				SDKROOT = iphoneos;
				VALIDATE_PRODUCT = YES;
			};
			name = Release;
		};
		DA92C9042294D5EC00977F02 /* Debug */ = {
			isa = XCBuildConfiguration;
			baseConfigurationReference = FE6C8D9BEB33228BA76C1893 /* Pods-iOSDemo.debug.xcconfig */;
			buildSettings = {
				ASSETCATALOG_COMPILER_APPICON_NAME = AppIcon;
				CODE_SIGN_STYLE = Automatic;
				INFOPLIST_FILE = iOSDemo/Info.plist;
				LD_RUNPATH_SEARCH_PATHS = (
					"$(inherited)",
					"@executable_path/Frameworks",
				);
				PRODUCT_BUNDLE_IDENTIFIER = com.lihuichaoo.iOSDemo;
				PRODUCT_NAME = "$(TARGET_NAME)";
				TARGETED_DEVICE_FAMILY = "1,2";
			};
			name = Debug;
		};
		DA92C9052294D5EC00977F02 /* Release */ = {
			isa = XCBuildConfiguration;
			baseConfigurationReference = 97D4134A7B4FF2A2AFBB0D37 /* Pods-iOSDemo.release.xcconfig */;
			buildSettings = {
				ASSETCATALOG_COMPILER_APPICON_NAME = AppIcon;
				CODE_SIGN_STYLE = Automatic;
				INFOPLIST_FILE = iOSDemo/Info.plist;
				LD_RUNPATH_SEARCH_PATHS = (
					"$(inherited)",
					"@executable_path/Frameworks",
				);
				PRODUCT_BUNDLE_IDENTIFIER = com.lihuichaoo.iOSDemo;
				PRODUCT_NAME = "$(TARGET_NAME)";
				TARGETED_DEVICE_FAMILY = "1,2";
			};
			name = Release;
		};
		DA92C9072294D5EC00977F02 /* Debug */ = {
			isa = XCBuildConfiguration;
			baseConfigurationReference = DD7CA1E9052CAD6D430E9587 /* Pods-iOSDemoTests.debug.xcconfig */;
			buildSettings = {
				BUNDLE_LOADER = "$(TEST_HOST)";
				CODE_SIGN_STYLE = Automatic;
				INFOPLIST_FILE = iOSDemoTests/Info.plist;
				LD_RUNPATH_SEARCH_PATHS = (
					"$(inherited)",
					"@executable_path/Frameworks",
					"@loader_path/Frameworks",
				);
				PRODUCT_BUNDLE_IDENTIFIER = com.lihuichaoo.iOSDemoTests;
				PRODUCT_NAME = "$(TARGET_NAME)";
				TARGETED_DEVICE_FAMILY = "1,2";
				TEST_HOST = "$(BUILT_PRODUCTS_DIR)/iOSDemo.app/iOSDemo";
			};
			name = Debug;
		};
		DA92C9082294D5EC00977F02 /* Release */ = {
			isa = XCBuildConfiguration;
			baseConfigurationReference = 1101BFDB93A53093E81FF4B8 /* Pods-iOSDemoTests.release.xcconfig */;
			buildSettings = {
				BUNDLE_LOADER = "$(TEST_HOST)";
				CODE_SIGN_STYLE = Automatic;
				INFOPLIST_FILE = iOSDemoTests/Info.plist;
				LD_RUNPATH_SEARCH_PATHS = (
					"$(inherited)",
					"@executable_path/Frameworks",
					"@loader_path/Frameworks",
				);
				PRODUCT_BUNDLE_IDENTIFIER = com.lihuichaoo.iOSDemoTests;
				PRODUCT_NAME = "$(TARGET_NAME)";
				TARGETED_DEVICE_FAMILY = "1,2";
				TEST_HOST = "$(BUILT_PRODUCTS_DIR)/iOSDemo.app/iOSDemo";
			};
			name = Release;
		};
		DA92C90A2294D5EC00977F02 /* Debug */ = {
			isa = XCBuildConfiguration;
			baseConfigurationReference = 40E18345C680F1EA8809D88E /* Pods-iOSDemoUITests.debug.xcconfig */;
			buildSettings = {
				CODE_SIGN_STYLE = Automatic;
				INFOPLIST_FILE = iOSDemoUITests/Info.plist;
				LD_RUNPATH_SEARCH_PATHS = (
					"$(inherited)",
					"@executable_path/Frameworks",
					"@loader_path/Frameworks",
				);
				PRODUCT_BUNDLE_IDENTIFIER = com.lihuichaoo.iOSDemoUITests;
				PRODUCT_NAME = "$(TARGET_NAME)";
				TARGETED_DEVICE_FAMILY = "1,2";
				TEST_TARGET_NAME = iOSDemo;
			};
			name = Debug;
		};
		DA92C90B2294D5EC00977F02 /* Release */ = {
			isa = XCBuildConfiguration;
			baseConfigurationReference = B28C59D20A75D040616BF3E9 /* Pods-iOSDemoUITests.release.xcconfig */;
			buildSettings = {
				CODE_SIGN_STYLE = Automatic;
				INFOPLIST_FILE = iOSDemoUITests/Info.plist;
				LD_RUNPATH_SEARCH_PATHS = (
					"$(inherited)",
					"@executable_path/Frameworks",
					"@loader_path/Frameworks",
				);
				PRODUCT_BUNDLE_IDENTIFIER = com.lihuichaoo.iOSDemoUITests;
				PRODUCT_NAME = "$(TARGET_NAME)";
				TARGETED_DEVICE_FAMILY = "1,2";
				TEST_TARGET_NAME = iOSDemo;
			};
			name = Release;
		};
/* End XCBuildConfiguration section */

/* Begin XCConfigurationList section */
		DA92C8D22294D5EA00977F02 /* Build configuration list for PBXProject "iOSDemo" */ = {
			isa = XCConfigurationList;
			buildConfigurations = (
				DA92C9012294D5EC00977F02 /* Debug */,
				DA92C9022294D5EC00977F02 /* Release */,
			);
			defaultConfigurationIsVisible = 0;
			defaultConfigurationName = Release;
		};
		DA92C9032294D5EC00977F02 /* Build configuration list for PBXNativeTarget "iOSDemo" */ = {
			isa = XCConfigurationList;
			buildConfigurations = (
				DA92C9042294D5EC00977F02 /* Debug */,
				DA92C9052294D5EC00977F02 /* Release */,
			);
			defaultConfigurationIsVisible = 0;
			defaultConfigurationName = Release;
		};
		DA92C9062294D5EC00977F02 /* Build configuration list for PBXNativeTarget "iOSDemoTests" */ = {
			isa = XCConfigurationList;
			buildConfigurations = (
				DA92C9072294D5EC00977F02 /* Debug */,
				DA92C9082294D5EC00977F02 /* Release */,
			);
			defaultConfigurationIsVisible = 0;
			defaultConfigurationName = Release;
		};
		DA92C9092294D5EC00977F02 /* Build configuration list for PBXNativeTarget "iOSDemoUITests" */ = {
			isa = XCConfigurationList;
			buildConfigurations = (
				DA92C90A2294D5EC00977F02 /* Debug */,
				DA92C90B2294D5EC00977F02 /* Release */,
			);
			defaultConfigurationIsVisible = 0;
			defaultConfigurationName = Release;
		};
/* End XCConfigurationList section */
	};
	rootObject = DA92C8CF2294D5EA00977F02 /* Project object */;
}
